
Microsoft Visual Studio Solution File, Format Version 11.00
# Visual Studio 2010
Project("{FAE04EC0-301F-11D3-BF4B-00C04F79EFBC}") = "Assembly-CSharp", "Assembly-CSharp.csproj", "{d063d12d-d04b-0aae-f930-d8f1481a1a24}"
EndProject
Project("{FAE04EC0-301F-11D3-BF4B-00C04F79EFBC}") = "Assembly-CSharp-Editor", "Assembly-CSharp-Editor.csproj", "{c4639c28-989e-afef-57fd-f5cfc482b02d}"
EndProject
Global
	GlobalSection(SolutionConfigurationPlatforms) = preSolution
		Debug|Any CPU = Debug|Any CPU
	EndGlobalSection
	GlobalSection(ProjectConfigurationPlatforms) = postSolution
		{d063d12d-d04b-0aae-f930-d8f1481a1a24}.Debug|Any CPU.ActiveCfg = Debug|Any CPU
		{d063d12d-d04b-0aae-f930-d8f1481a1a24}.Debug|Any CPU.Build.0 = Debug|Any CPU
		{c4639c28-989e-afef-57fd-f5cfc482b02d}.Debug|Any CPU.ActiveCfg = Debug|Any CPU
		{c4639c28-989e-afef-57fd-f5cfc482b02d}.Debug|Any CPU.Build.0 = Debug|Any CPU
	EndGlobalSection
	GlobalSection(SolutionProperties) = preSolution
		HideSolutionNode = FALSE
	EndGlobalSection
EndGlobal
